<?xml version="1.0" encoding="utf-8"?>
<Project ToolsVersion="4.0" xmlns="http://schemas.microsoft.com/developer/msbuild/2003">
  <ItemGroup>
    <Filter Include="Source Files">
      <UniqueIdentifier>{4FC737F1-C7A5-4376-A066-2A32D752A2FF}</UniqueIdentifier>
      <Extensions>cpp;c;cc;cxx;c++;cppm;ixx;def;odl;idl;hpj;bat;asm;asmx</Extensions>
    </Filter>
    <Filter Include="Header Files">
      <UniqueIdentifier>{93995380-89BD-4b04-88EB-625FBE52EBFB}</UniqueIdentifier>
      <Extensions>h;hh;hpp;hxx;h++;hm;inl;inc;ipp;xsd</Extensions>
    </Filter>
    <Filter Include="Resource Files">
      <UniqueIdentifier>{67DA6AB6-F800-4c08-8B7A-83BB121AAD01}</UniqueIdentifier>
      <Extensions>rc;ico;cur;bmp;dlg;rc2;rct;bin;rgs;gif;jpg;jpeg;jpe;resx;tiff;tif;png;wav;mfcribbon-ms</Extensions>
    </Filter>
    <Filter Include="Source Files\GUI">
      <UniqueIdentifier>{b4b132f2-8a0c-41de-9e2e-e59de44072b9}</UniqueIdentifier>
    </Filter>
    <Filter Include="Header Files\GUI">
      <UniqueIdentifier>{eb51e6fa-1ab1-4405-93d5-050227dd15c2}</UniqueIdentifier>
    </Filter>
    <Filter Include="Source Files\hacks">
      <UniqueIdentifier>{8bd5f205-e5b3-48a7-8698-c8faa0f347cf}</UniqueIdentifier>
    </Filter>
    <Filter Include="Source Files\others">
      <UniqueIdentifier>{a66ceb80-b991-4c90-8574-c3264df639ae}</UniqueIdentifier>
    </Filter>
    <Filter Include="Header Files\hacks">
      <UniqueIdentifier>{a10ff338-428a-4ac6-9eae-3027e018141d}</UniqueIdentifier>
    </Filter>
    <Filter Include="Header Files\others">
      <UniqueIdentifier>{3bfba133-c221-475d-9021-678f5680e39c}</UniqueIdentifier>
    </Filter>
    <Filter Include="Header Files\sdk">
      <UniqueIdentifier>{c75cd910-2ea1-416b-888a-46e18eec582c}</UniqueIdentifier>
    </Filter>
  </ItemGroup>
  <ItemGroup>
    <ClInclude Include="includes.hpp">
      <Filter>Header Files</Filter>
    </ClInclude>
    <ClInclude Include="hooks.hpp">
      <Filter>Header Files</Filter>
    </ClInclude>
    <ClInclude Include="menu\controls.hpp">
      <Filter>Header Files\GUI</Filter>
    </ClInclude>
    <ClInclude Include="menu\gui.hpp">
      <Filter>Header Files\GUI</Filter>
    </ClInclude>
    <ClInclude Include="menu\menu.hpp">
      <Filter>Header Files\GUI</Filter>
    </ClInclude>
    <ClInclude Include="cheats\aimbot.hpp">
      <Filter>Header Files\hacks</Filter>
    </ClInclude>
    <ClInclude Include="cheats\esp.hpp">
      <Filter>Header Files\hacks</Filter>
    </ClInclude>
    <ClInclude Include="cheats\misc.hpp">
      <Filter>Header Files\hacks</Filter>
    </ClInclude>
    <ClInclude Include="sdk\classes.hpp">
      <Filter>Header Files\sdk</Filter>
    </ClInclude>
    <ClInclude Include="sdk\engine.hpp">
      <Filter>Header Files\sdk</Filter>
    </ClInclude>
    <ClInclude Include="sdk\math.hpp">
      <Filter>Header Files\sdk</Filter>
    </ClInclude>
    <ClInclude Include="sdk\pointers.hpp">
      <Filter>Header Files\sdk</Filter>
    </ClInclude>
    <ClInclude Include="misc\globals.hpp">
      <Filter>Header Files\others</Filter>
    </ClInclude>
    <ClInclude Include="misc\options.hpp">
      <Filter>Header Files\others</Filter>
    </ClInclude>
    <ClInclude Include="misc\tools.hpp">
      <Filter>Header Files\others</Filter>
    </ClInclude>
  </ItemGroup>
  <ItemGroup>
    <ClCompile Include="dllmain.cpp">
      <Filter>Source Files</Filter>
    </ClCompile>
    <ClCompile Include="hooks.cpp">
      <Filter>Source Files</Filter>
    </ClCompile>
    <ClCompile Include="menu\controls.cpp">
      <Filter>Source Files\GUI</Filter>
    </ClCompile>
    <ClCompile Include="menu\gui.cpp">
      <Filter>Source Files\GUI</Filter>
    </ClCompile>
    <ClCompile Include="menu\menu.cpp">
      <Filter>Source Files\GUI</Filter>
    </ClCompile>
    <ClCompile Include="menu\window.cpp">
      <Filter>Source Files\GUI</Filter>
    </ClCompile>
    <ClCompile Include="cheats\aimbot.cpp">
      <Filter>Source Files\hacks</Filter>
    </ClCompile>
    <ClCompile Include="cheats\esp.cpp">
      <Filter>Source Files\hacks</Filter>
    </ClCompile>
    <ClCompile Include="cheats\misc.cpp">
      <Filter>Source Files\hacks</Filter>
    </ClCompile>
    <ClCompile Include="misc\options.cpp">
      <Filter>Source Files\others</Filter>
    </ClCompile>
    <ClCompile Include="misc\tools.cpp">
      <Filter>Source Files\others</Filter>
    </ClCompile>
  </ItemGroup>
</Project>