
Microsoft Visual Studio Solution File, Format Version 12.00
# Visual Studio Version 17
VisualStudioVersion = 17.10.35027.167
MinimumVisualStudioVersion = 10.0.40219.1
Project("{8BC9CEB8-8B4A-11D0-8D11-00A0C91BC942}") = "t5mp", "t5mp.vcxproj", "{04144833-1DA4-40AA-B1D2-0EBE59277666}"
EndProject
Global
	GlobalSection(SolutionConfigurationPlatforms) = preSolution
		Debug|x86 = Debug|x86
		Release|x86 = Release|x86
	EndGlobalSection
	GlobalSection(ProjectConfigurationPlatforms) = postSolution
		{04144833-1DA4-40AA-B1D2-0EBE59277666}.Debug|x86.ActiveCfg = Debug|Win32
		{04144833-1DA4-40AA-B1D2-0EBE59277666}.Debug|x86.Build.0 = Debug|Win32
		{04144833-1DA4-40AA-B1D2-0EBE59277666}.Release|x86.ActiveCfg = Release|Win32
		{04144833-1DA4-40AA-B1D2-0EBE59277666}.Release|x86.Build.0 = Release|Win32
	EndGlobalSection
	GlobalSection(SolutionProperties) = preSolution
		HideSolutionNode = FALSE
	EndGlobalSection
	GlobalSection(ExtensibilityGlobals) = postSolution
		SolutionGuid = {172560BD-0943-4259-A9ED-B87E25481ABC}
	EndGlobalSection
EndGlobal
